
Microsoft Visual Studio Solution File, Format Version 12.00
# Visual Studio 2012
Project("{FAE04EC0-301F-11D3-BF4B-00C04F79EFBC}") = "SyncKanban", "SyncKanban\SyncKanban.csproj", "{22BBD15A-B5C6-4734-B55B-8F95870AE59E}"
EndProject
Global
	GlobalSection(SolutionConfigurationPlatforms) = preSolution
		Debug|Any CPU = Debug|Any CPU
		Release|Any CPU = Release|Any CPU
	EndGlobalSection
	GlobalSection(ProjectConfigurationPlatforms) = postSolution
		{22BBD15A-B5C6-4734-B55B-8F95870AE59E}.Debug|Any CPU.ActiveCfg = Debug|Any CPU
		{22BBD15A-B5C6-4734-B55B-8F95870AE59E}.Debug|Any CPU.Build.0 = Debug|Any CPU
		{22BBD15A-B5C6-4734-B55B-8F95870AE59E}.Release|Any CPU.ActiveCfg = Release|Any CPU
		{22BBD15A-B5C6-4734-B55B-8F95870AE59E}.Release|Any CPU.Build.0 = Release|Any CPU
	EndGlobalSection
	GlobalSection(SolutionProperties) = preSolution
		HideSolutionNode = FALSE
	EndGlobalSection
EndGlobal
