
Microsoft Visual Studio Solution File, Format Version 11.00
# Visual Studio 2010
Project("{FAE04EC0-301F-11D3-BF4B-00C04F79EFBC}") = "SyncKanbanSample", "SyncKanbanSample\SyncKanbanSample.csproj", "{7D1707F8-FF2F-42E1-ABCC-569E392E4727}"
EndProject
Global
	GlobalSection(SolutionConfigurationPlatforms) = preSolution
		Debug|Any CPU = Debug|Any CPU
		Release|Any CPU = Release|Any CPU
	EndGlobalSection
	GlobalSection(ProjectConfigurationPlatforms) = postSolution
		{7D1707F8-FF2F-42E1-ABCC-569E392E4727}.Debug|Any CPU.ActiveCfg = Debug|Any CPU
		{7D1707F8-FF2F-42E1-ABCC-569E392E4727}.Debug|Any CPU.Build.0 = Debug|Any CPU
		{7D1707F8-FF2F-42E1-ABCC-569E392E4727}.Release|Any CPU.ActiveCfg = Release|Any CPU
		{7D1707F8-FF2F-42E1-ABCC-569E392E4727}.Release|Any CPU.Build.0 = Release|Any CPU
	EndGlobalSection
	GlobalSection(SolutionProperties) = preSolution
		HideSolutionNode = FALSE
	EndGlobalSection
EndGlobal
